
Microsoft Visual Studio Solution File, Format Version 12.00
# Visual Studio Version 16
VisualStudioVersion = 16.0.32802.440
MinimumVisualStudioVersion = 10.0.40219.1
Project("{FAE04EC0-301F-11D3-BF4B-00C04F79EFBC}") = "SoapService", "SoapService.csproj", "{ED1BDCDB-76A7-4D6B-8B77-D69CB8F1E38B}"
EndProject
Global
	GlobalSection(SolutionConfigurationPlatforms) = preSolution
		Debug|Any CPU = Debug|Any CPU
		Release|Any CPU = Release|Any CPU
	EndGlobalSection
	GlobalSection(ProjectConfigurationPlatforms) = postSolution
		{ED1BDCDB-76A7-4D6B-8B77-D69CB8F1E38B}.Debug|Any CPU.ActiveCfg = Debug|Any CPU
		{ED1BDCDB-76A7-4D6B-8B77-D69CB8F1E38B}.Debug|Any CPU.Build.0 = Debug|Any CPU
		{ED1BDCDB-76A7-4D6B-8B77-D69CB8F1E38B}.Release|Any CPU.ActiveCfg = Release|Any CPU
		{ED1BDCDB-76A7-4D6B-8B77-D69CB8F1E38B}.Release|Any CPU.Build.0 = Release|Any CPU
	EndGlobalSection
	GlobalSection(SolutionProperties) = preSolution
		HideSolutionNode = FALSE
	EndGlobalSection
	GlobalSection(ExtensibilityGlobals) = postSolution
		SolutionGuid = {3726987D-5A0E-40B0-A8F8-7D95A3CB5537}
	EndGlobalSection
EndGlobal
